
Microsoft Visual Studio Solution File, Format Version 12.00
# Visual Studio Version 17
VisualStudioVersion = 17.9.34607.119
MinimumVisualStudioVersion = 10.0.40219.1
Project("{FAE04EC0-301F-11D3-BF4B-00C04F79EFBC}") = "SudokuTest", "SudokuTest\SudokuTest.csproj", "{37A3AF91-6EC5-47DF-8E31-4508C354C0CC}"
EndProject
Global
	GlobalSection(SolutionConfigurationPlatforms) = preSolution
		Debug|Any CPU = Debug|Any CPU
		Release|Any CPU = Release|Any CPU
	EndGlobalSection
	GlobalSection(ProjectConfigurationPlatforms) = postSolution
		{37A3AF91-6EC5-47DF-8E31-4508C354C0CC}.Debug|Any CPU.ActiveCfg = Debug|Any CPU
		{37A3AF91-6EC5-47DF-8E31-4508C354C0CC}.Debug|Any CPU.Build.0 = Debug|Any CPU
		{37A3AF91-6EC5-47DF-8E31-4508C354C0CC}.Release|Any CPU.ActiveCfg = Release|Any CPU
		{37A3AF91-6EC5-47DF-8E31-4508C354C0CC}.Release|Any CPU.Build.0 = Release|Any CPU
	EndGlobalSection
	GlobalSection(SolutionProperties) = preSolution
		HideSolutionNode = FALSE
	EndGlobalSection
	GlobalSection(ExtensibilityGlobals) = postSolution
		SolutionGuid = {5D1595E8-6594-4144-8C7E-7EAB5AC5C940}
	EndGlobalSection
EndGlobal
